// !$*UTF8*$!
{
	archiveVersion = 1;
	classes = {
	};
	objectVersion = 46;
	objects = {

/* Begin PBXBuildFile section */
		2F566DFF78A2F30D6AEA35ED /* libPods.a in Frameworks */ = {isa = PBXBuildFile; fileRef = 57758C4476CA8CEE304D8C89 /* libPods.a */; };
		4A44F8861C0E9572005DFB79 /* CalendarMonthViewController.m in Sources */ = {isa = PBXBuildFile; fileRef = 4A44F8841C0E9572005DFB79 /* CalendarMonthViewController.m */; };
		4A44F8871C0E9572005DFB79 /* CalendarMonthViewController.xib in Resources */ = {isa = PBXBuildFile; fileRef = 4A44F8851C0E9572005DFB79 /* CalendarMonthViewController.xib */; };
		4A44F8901C0E959D005DFB79 /* CalendarDayViewController.m in Sources */ = {isa = PBXBuildFile; fileRef = 4A44F88E1C0E959D005DFB79 /* CalendarDayViewController.m */; };
		4A44F8911C0E959D005DFB79 /* CalendarDayViewController.xib in Resources */ = {isa = PBXBuildFile; fileRef = 4A44F88F1C0E959D005DFB79 /* CalendarDayViewController.xib */; };
		4AA1AB3F1C012EDF00BF3604 /* TabBarViewController.m in Sources */ = {isa = PBXBuildFile; fileRef = 4AA1AB3E1C012EDF00BF3604 /* TabBarViewController.m */; };
		4AA1AB461C01374100BF3604 /* CalendarViewController.m in Sources */ = {isa = PBXBuildFile; fileRef = 4AA1AB441C01374100BF3604 /* CalendarViewController.m */; };
		4AA1AB471C01374100BF3604 /* CalendarViewController.xib in Resources */ = {isa = PBXBuildFile; fileRef = 4AA1AB451C01374100BF3604 /* CalendarViewController.xib */; };
		4AAA3FB61C0944F9004CE620 /* DayViewTableViewCell.m in Sources */ = {isa = PBXBuildFile; fileRef = 4AAA3FB41C0944F9004CE620 /* DayViewTableViewCell.m */; };
		4AAA3FB71C0944F9004CE620 /* DayViewTableViewCell.xib in Resources */ = {isa = PBXBuildFile; fileRef = 4AAA3FB51C0944F9004CE620 /* DayViewTableViewCell.xib */; };
		4AAA3FBC1C0B868A004CE620 /* AddButtonView.m in Sources */ = {isa = PBXBuildFile; fileRef = 4AAA3FBB1C0B868A004CE620 /* AddButtonView.m */; };
		4AAA3FBE1C0B86AD004CE620 /* AddButtonView.xib in Resources */ = {isa = PBXBuildFile; fileRef = 4AAA3FBD1C0B86AD004CE620 /* AddButtonView.xib */; };
		4AEB60D01C01086100679DAF /* TabBarController.m in Sources */ = {isa = PBXBuildFile; fileRef = 4AEB60CE1C01086100679DAF /* TabBarController.m */; };
		4AEB60DF1C010A7400679DAF /* BudgetsViewController.m in Sources */ = {isa = PBXBuildFile; fileRef = 4AEB60DD1C010A7400679DAF /* BudgetsViewController.m */; };
		4AEB60E01C010A7400679DAF /* BudgetsViewController.xib in Resources */ = {isa = PBXBuildFile; fileRef = 4AEB60DE1C010A7400679DAF /* BudgetsViewController.xib */; };
		4AEB60E41C010AA800679DAF /* TransactionsViewController.m in Sources */ = {isa = PBXBuildFile; fileRef = 4AEB60E21C010AA800679DAF /* TransactionsViewController.m */; };
		4AEB60E51C010AA800679DAF /* TransactionsViewController.xib in Resources */ = {isa = PBXBuildFile; fileRef = 4AEB60E31C010AA800679DAF /* TransactionsViewController.xib */; };
		4AEB60EE1C01186800679DAF /* NavigationViewController.m in Sources */ = {isa = PBXBuildFile; fileRef = 4AEB60EC1C01186800679DAF /* NavigationViewController.m */; };
		4AF678281C025F1800DFB75E /* KeychainWrapper.m in Sources */ = {isa = PBXBuildFile; fileRef = 4AF678271C025F1800DFB75E /* KeychainWrapper.m */; };
		8E42F45F1C0242FE00AE2E37 /* TransactionCell.m in Sources */ = {isa = PBXBuildFile; fileRef = 8E42F45D1C0242FD00AE2E37 /* TransactionCell.m */; };
		8E42F4601C0242FE00AE2E37 /* TransactionCell.xib in Resources */ = {isa = PBXBuildFile; fileRef = 8E42F45E1C0242FE00AE2E37 /* TransactionCell.xib */; };
		8E63679A1C029BDF0086CD54 /* PaymentType.m in Sources */ = {isa = PBXBuildFile; fileRef = 8E6367991C029BDF0086CD54 /* PaymentType.m */; };
		8E9DA2C61BF561690016ECC2 /* main.m in Sources */ = {isa = PBXBuildFile; fileRef = 8E9DA2C51BF561690016ECC2 /* main.m */; };
		8E9DA2C91BF561690016ECC2 /* AppDelegate.m in Sources */ = {isa = PBXBuildFile; fileRef = 8E9DA2C81BF561690016ECC2 /* AppDelegate.m */; };
		8E9DA2D11BF561690016ECC2 /* Assets.xcassets in Resources */ = {isa = PBXBuildFile; fileRef = 8E9DA2D01BF561690016ECC2 /* Assets.xcassets */; };
		8E9DA2D41BF561690016ECC2 /* LaunchScreen.storyboard in Resources */ = {isa = PBXBuildFile; fileRef = 8E9DA2D21BF561690016ECC2 /* LaunchScreen.storyboard */; };
		8EC0E14C1C06DEEC0004207B /* UIColor+PerDiem.m in Sources */ = {isa = PBXBuildFile; fileRef = 8EC0E14B1C06DEEC0004207B /* UIColor+PerDiem.m */; };
		BF6D073E1C010E5A00B61276 /* TransactionList.m in Sources */ = {isa = PBXBuildFile; fileRef = BF6D073D1C010E5A00B61276 /* TransactionList.m */; };
		BF6D07411C01332D00B61276 /* TransactionFormViewController.m in Sources */ = {isa = PBXBuildFile; fileRef = BF6D07401C01332D00B61276 /* TransactionFormViewController.m */; };
		BF8ADB5C1C04CBF500AEEBFE /* BudgetCell.m in Sources */ = {isa = PBXBuildFile; fileRef = BF8ADB5A1C04CBF500AEEBFE /* BudgetCell.m */; };
		BF8ADB5D1C04CBF500AEEBFE /* BudgetCell.xib in Resources */ = {isa = PBXBuildFile; fileRef = BF8ADB5B1C04CBF500AEEBFE /* BudgetCell.xib */; };
		BF8ADB651C05712D00AEEBFE /* BudgetFormViewController.m in Sources */ = {isa = PBXBuildFile; fileRef = BF8ADB641C05712D00AEEBFE /* BudgetFormViewController.m */; };
		BFE4324E1C0028F800809F7E /* User.m in Sources */ = {isa = PBXBuildFile; fileRef = BFE4324D1C0028F800809F7E /* User.m */; };
		BFE432531C0033FB00809F7E /* LoginViewController.m in Sources */ = {isa = PBXBuildFile; fileRef = BFE432511C0033FB00809F7E /* LoginViewController.m */; };
		BFE432541C0033FB00809F7E /* LoginViewController.xib in Resources */ = {isa = PBXBuildFile; fileRef = BFE432521C0033FB00809F7E /* LoginViewController.xib */; };
		BFE432591C0039BB00809F7E /* Transaction.m in Sources */ = {isa = PBXBuildFile; fileRef = BFE432581C0039BB00809F7E /* Transaction.m */; };
		BFE4325C1C003D4700809F7E /* Budget.m in Sources */ = {isa = PBXBuildFile; fileRef = BFE4325B1C003D4700809F7E /* Budget.m */; };
		BFE4325F1C003DA300809F7E /* PDCategory.m in Sources */ = {isa = PBXBuildFile; fileRef = BFE4325E1C003DA300809F7E /* PDCategory.m */; };
		BFE432621C006A6D00809F7E /* Organization.m in Sources */ = {isa = PBXBuildFile; fileRef = BFE432611C006A6D00809F7E /* Organization.m */; };
/* End PBXBuildFile section */

/* Begin PBXFileReference section */
		4A44F8831C0E9572005DFB79 /* CalendarMonthViewController.h */ = {isa = PBXFileReference; fileEncoding = 4; lastKnownFileType = sourcecode.c.h; name = CalendarMonthViewController.h; path = Controllers/CalendarMonthViewController.h; sourceTree = "<group>"; };
		4A44F8841C0E9572005DFB79 /* CalendarMonthViewController.m */ = {isa = PBXFileReference; fileEncoding = 4; lastKnownFileType = sourcecode.c.objc; name = CalendarMonthViewController.m; path = Controllers/CalendarMonthViewController.m; sourceTree = "<group>"; };
		4A44F8851C0E9572005DFB79 /* CalendarMonthViewController.xib */ = {isa = PBXFileReference; fileEncoding = 4; lastKnownFileType = file.xib; name = CalendarMonthViewController.xib; path = Controllers/CalendarMonthViewController.xib; sourceTree = "<group>"; };
		4A44F88D1C0E959D005DFB79 /* CalendarDayViewController.h */ = {isa = PBXFileReference; fileEncoding = 4; lastKnownFileType = sourcecode.c.h; name = CalendarDayViewController.h; path = Controllers/CalendarDayViewController.h; sourceTree = "<group>"; };
		4A44F88E1C0E959D005DFB79 /* CalendarDayViewController.m */ = {isa = PBXFileReference; fileEncoding = 4; lastKnownFileType = sourcecode.c.objc; name = CalendarDayViewController.m; path = Controllers/CalendarDayViewController.m; sourceTree = "<group>"; };
		4A44F88F1C0E959D005DFB79 /* CalendarDayViewController.xib */ = {isa = PBXFileReference; fileEncoding = 4; lastKnownFileType = file.xib; name = CalendarDayViewController.xib; path = Controllers/CalendarDayViewController.xib; sourceTree = "<group>"; };
		4AA1AB3D1C012EDF00BF3604 /* TabBarViewController.h */ = {isa = PBXFileReference; fileEncoding = 4; lastKnownFileType = sourcecode.c.h; name = TabBarViewController.h; path = Controllers/TabBarViewController.h; sourceTree = "<group>"; };
		4AA1AB3E1C012EDF00BF3604 /* TabBarViewController.m */ = {isa = PBXFileReference; fileEncoding = 4; lastKnownFileType = sourcecode.c.objc; name = TabBarViewController.m; path = Controllers/TabBarViewController.m; sourceTree = "<group>"; };
		4AA1AB431C01374100BF3604 /* CalendarViewController.h */ = {isa = PBXFileReference; fileEncoding = 4; lastKnownFileType = sourcecode.c.h; name = CalendarViewController.h; path = Controllers/CalendarViewController.h; sourceTree = "<group>"; };
		4AA1AB441C01374100BF3604 /* CalendarViewController.m */ = {isa = PBXFileReference; fileEncoding = 4; lastKnownFileType = sourcecode.c.objc; name = CalendarViewController.m; path = Controllers/CalendarViewController.m; sourceTree = "<group>"; };
		4AA1AB451C01374100BF3604 /* CalendarViewController.xib */ = {isa = PBXFileReference; fileEncoding = 4; lastKnownFileType = file.xib; name = CalendarViewController.xib; path = Controllers/CalendarViewController.xib; sourceTree = "<group>"; };
		4AAA3FB31C0944F9004CE620 /* DayViewTableViewCell.h */ = {isa = PBXFileReference; fileEncoding = 4; lastKnownFileType = sourcecode.c.h; name = DayViewTableViewCell.h; path = Views/DayViewTableViewCell.h; sourceTree = "<group>"; };
		4AAA3FB41C0944F9004CE620 /* DayViewTableViewCell.m */ = {isa = PBXFileReference; fileEncoding = 4; lastKnownFileType = sourcecode.c.objc; name = DayViewTableViewCell.m; path = Views/DayViewTableViewCell.m; sourceTree = "<group>"; };
		4AAA3FB51C0944F9004CE620 /* DayViewTableViewCell.xib */ = {isa = PBXFileReference; fileEncoding = 4; lastKnownFileType = file.xib; name = DayViewTableViewCell.xib; path = Views/DayViewTableViewCell.xib; sourceTree = "<group>"; };
		4AAA3FBA1C0B868A004CE620 /* AddButtonView.h */ = {isa = PBXFileReference; fileEncoding = 4; lastKnownFileType = sourcecode.c.h; name = AddButtonView.h; path = Views/AddButtonView.h; sourceTree = "<group>"; };
		4AAA3FBB1C0B868A004CE620 /* AddButtonView.m */ = {isa = PBXFileReference; fileEncoding = 4; lastKnownFileType = sourcecode.c.objc; name = AddButtonView.m; path = Views/AddButtonView.m; sourceTree = "<group>"; };
		4AAA3FBD1C0B86AD004CE620 /* AddButtonView.xib */ = {isa = PBXFileReference; fileEncoding = 4; lastKnownFileType = file.xib; name = AddButtonView.xib; path = Views/AddButtonView.xib; sourceTree = "<group>"; };
		4AEB60CD1C01086100679DAF /* TabBarController.h */ = {isa = PBXFileReference; fileEncoding = 4; lastKnownFileType = sourcecode.c.h; name = TabBarController.h; path = Controllers/TabBarController.h; sourceTree = "<group>"; };
		4AEB60CE1C01086100679DAF /* TabBarController.m */ = {isa = PBXFileReference; fileEncoding = 4; lastKnownFileType = sourcecode.c.objc; name = TabBarController.m; path = Controllers/TabBarController.m; sourceTree = "<group>"; };
		4AEB60DC1C010A7400679DAF /* BudgetsViewController.h */ = {isa = PBXFileReference; fileEncoding = 4; lastKnownFileType = sourcecode.c.h; name = BudgetsViewController.h; path = Controllers/BudgetsViewController.h; sourceTree = "<group>"; };
		4AEB60DD1C010A7400679DAF /* BudgetsViewController.m */ = {isa = PBXFileReference; fileEncoding = 4; lastKnownFileType = sourcecode.c.objc; name = BudgetsViewController.m; path = Controllers/BudgetsViewController.m; sourceTree = "<group>"; };
		4AEB60DE1C010A7400679DAF /* BudgetsViewController.xib */ = {isa = PBXFileReference; fileEncoding = 4; lastKnownFileType = file.xib; name = BudgetsViewController.xib; path = Controllers/BudgetsViewController.xib; sourceTree = "<group>"; };
		4AEB60E11C010AA800679DAF /* TransactionsViewController.h */ = {isa = PBXFileReference; fileEncoding = 4; lastKnownFileType = sourcecode.c.h; name = TransactionsViewController.h; path = Controllers/TransactionsViewController.h; sourceTree = "<group>"; };
		4AEB60E21C010AA800679DAF /* TransactionsViewController.m */ = {isa = PBXFileReference; fileEncoding = 4; lastKnownFileType = sourcecode.c.objc; name = TransactionsViewController.m; path = Controllers/TransactionsViewController.m; sourceTree = "<group>"; };
		4AEB60E31C010AA800679DAF /* TransactionsViewController.xib */ = {isa = PBXFileReference; fileEncoding = 4; lastKnownFileType = file.xib; name = TransactionsViewController.xib; path = Controllers/TransactionsViewController.xib; sourceTree = "<group>"; };
		4AEB60EB1C01186800679DAF /* NavigationViewController.h */ = {isa = PBXFileReference; fileEncoding = 4; lastKnownFileType = sourcecode.c.h; name = NavigationViewController.h; path = Controllers/NavigationViewController.h; sourceTree = "<group>"; };
		4AEB60EC1C01186800679DAF /* NavigationViewController.m */ = {isa = PBXFileReference; fileEncoding = 4; lastKnownFileType = sourcecode.c.objc; name = NavigationViewController.m; path = Controllers/NavigationViewController.m; sourceTree = "<group>"; };
		4AF678261C025F1800DFB75E /* KeychainWrapper.h */ = {isa = PBXFileReference; fileEncoding = 4; lastKnownFileType = sourcecode.c.h; name = KeychainWrapper.h; path = Authentication/KeychainWrapper.h; sourceTree = "<group>"; };
		4AF678271C025F1800DFB75E /* KeychainWrapper.m */ = {isa = PBXFileReference; fileEncoding = 4; lastKnownFileType = sourcecode.c.objc; name = KeychainWrapper.m; path = Authentication/KeychainWrapper.m; sourceTree = "<group>"; };
		55F7737C83DD7B11920DD92A /* Pods.debug.xcconfig */ = {isa = PBXFileReference; includeInIndex = 1; lastKnownFileType = text.xcconfig; name = Pods.debug.xcconfig; path = "Pods/Target Support Files/Pods/Pods.debug.xcconfig"; sourceTree = "<group>"; };
		57758C4476CA8CEE304D8C89 /* libPods.a */ = {isa = PBXFileReference; explicitFileType = archive.ar; includeInIndex = 0; path = libPods.a; sourceTree = BUILT_PRODUCTS_DIR; };
		71F1C22EBB40723904EA25D0 /* Pods.release.xcconfig */ = {isa = PBXFileReference; includeInIndex = 1; lastKnownFileType = text.xcconfig; name = Pods.release.xcconfig; path = "Pods/Target Support Files/Pods/Pods.release.xcconfig"; sourceTree = "<group>"; };
		8E42F45C1C0242FD00AE2E37 /* TransactionCell.h */ = {isa = PBXFileReference; fileEncoding = 4; lastKnownFileType = sourcecode.c.h; path = TransactionCell.h; sourceTree = "<group>"; };
		8E42F45D1C0242FD00AE2E37 /* TransactionCell.m */ = {isa = PBXFileReference; fileEncoding = 4; lastKnownFileType = sourcecode.c.objc; path = TransactionCell.m; sourceTree = "<group>"; };
		8E42F45E1C0242FE00AE2E37 /* TransactionCell.xib */ = {isa = PBXFileReference; fileEncoding = 4; lastKnownFileType = file.xib; path = TransactionCell.xib; sourceTree = "<group>"; };
		8E6367981C029BDF0086CD54 /* PaymentType.h */ = {isa = PBXFileReference; fileEncoding = 4; lastKnownFileType = sourcecode.c.h; path = PaymentType.h; sourceTree = "<group>"; };
		8E6367991C029BDF0086CD54 /* PaymentType.m */ = {isa = PBXFileReference; fileEncoding = 4; lastKnownFileType = sourcecode.c.objc; path = PaymentType.m; sourceTree = "<group>"; };
		8E9DA2C11BF561690016ECC2 /* PerDiem.app */ = {isa = PBXFileReference; explicitFileType = wrapper.application; includeInIndex = 0; path = PerDiem.app; sourceTree = BUILT_PRODUCTS_DIR; };
		8E9DA2C51BF561690016ECC2 /* main.m */ = {isa = PBXFileReference; lastKnownFileType = sourcecode.c.objc; path = main.m; sourceTree = "<group>"; };
		8E9DA2C71BF561690016ECC2 /* AppDelegate.h */ = {isa = PBXFileReference; lastKnownFileType = sourcecode.c.h; path = AppDelegate.h; sourceTree = "<group>"; };
		8E9DA2C81BF561690016ECC2 /* AppDelegate.m */ = {isa = PBXFileReference; lastKnownFileType = sourcecode.c.objc; path = AppDelegate.m; sourceTree = "<group>"; };
		8E9DA2D01BF561690016ECC2 /* Assets.xcassets */ = {isa = PBXFileReference; lastKnownFileType = folder.assetcatalog; path = Assets.xcassets; sourceTree = "<group>"; };
		8E9DA2D31BF561690016ECC2 /* Base */ = {isa = PBXFileReference; lastKnownFileType = file.storyboard; name = Base; path = Base.lproj/LaunchScreen.storyboard; sourceTree = "<group>"; };
		8E9DA2D51BF561690016ECC2 /* Info.plist */ = {isa = PBXFileReference; lastKnownFileType = text.plist.xml; path = Info.plist; sourceTree = "<group>"; };
		8EC0E14A1C06DEEC0004207B /* UIColor+PerDiem.h */ = {isa = PBXFileReference; fileEncoding = 4; lastKnownFileType = sourcecode.c.h; name = "UIColor+PerDiem.h"; path = "Categories/UIColor+PerDiem.h"; sourceTree = "<group>"; };
		8EC0E14B1C06DEEC0004207B /* UIColor+PerDiem.m */ = {isa = PBXFileReference; fileEncoding = 4; lastKnownFileType = sourcecode.c.objc; name = "UIColor+PerDiem.m"; path = "Categories/UIColor+PerDiem.m"; sourceTree = "<group>"; };
		BF6D073C1C010E5A00B61276 /* TransactionList.h */ = {isa = PBXFileReference; fileEncoding = 4; lastKnownFileType = sourcecode.c.h; name = TransactionList.h; path = models/TransactionList.h; sourceTree = "<group>"; };
		BF6D073D1C010E5A00B61276 /* TransactionList.m */ = {isa = PBXFileReference; fileEncoding = 4; lastKnownFileType = sourcecode.c.objc; name = TransactionList.m; path = models/TransactionList.m; sourceTree = "<group>"; };
		BF6D073F1C01332D00B61276 /* TransactionFormViewController.h */ = {isa = PBXFileReference; fileEncoding = 4; lastKnownFileType = sourcecode.c.h; name = TransactionFormViewController.h; path = Controllers/TransactionFormViewController.h; sourceTree = "<group>"; };
		BF6D07401C01332D00B61276 /* TransactionFormViewController.m */ = {isa = PBXFileReference; fileEncoding = 4; lastKnownFileType = sourcecode.c.objc; name = TransactionFormViewController.m; path = Controllers/TransactionFormViewController.m; sourceTree = "<group>"; };
		BF8ADB591C04CBF500AEEBFE /* BudgetCell.h */ = {isa = PBXFileReference; fileEncoding = 4; lastKnownFileType = sourcecode.c.h; name = BudgetCell.h; path = Views/BudgetCell.h; sourceTree = "<group>"; };
		BF8ADB5A1C04CBF500AEEBFE /* BudgetCell.m */ = {isa = PBXFileReference; fileEncoding = 4; lastKnownFileType = sourcecode.c.objc; name = BudgetCell.m; path = Views/BudgetCell.m; sourceTree = "<group>"; };
		BF8ADB5B1C04CBF500AEEBFE /* BudgetCell.xib */ = {isa = PBXFileReference; fileEncoding = 4; lastKnownFileType = file.xib; name = BudgetCell.xib; path = Views/BudgetCell.xib; sourceTree = "<group>"; };
		BF8ADB631C05712D00AEEBFE /* BudgetFormViewController.h */ = {isa = PBXFileReference; fileEncoding = 4; lastKnownFileType = sourcecode.c.h; name = BudgetFormViewController.h; path = Controllers/Forms/BudgetFormViewController.h; sourceTree = "<group>"; };
		BF8ADB641C05712D00AEEBFE /* BudgetFormViewController.m */ = {isa = PBXFileReference; fileEncoding = 4; lastKnownFileType = sourcecode.c.objc; name = BudgetFormViewController.m; path = Controllers/Forms/BudgetFormViewController.m; sourceTree = "<group>"; };
		BFE4324C1C0028F800809F7E /* User.h */ = {isa = PBXFileReference; fileEncoding = 4; lastKnownFileType = sourcecode.c.h; name = User.h; path = models/User.h; sourceTree = "<group>"; };
		BFE4324D1C0028F800809F7E /* User.m */ = {isa = PBXFileReference; fileEncoding = 4; lastKnownFileType = sourcecode.c.objc; name = User.m; path = models/User.m; sourceTree = "<group>"; };
		BFE432501C0033FB00809F7E /* LoginViewController.h */ = {isa = PBXFileReference; fileEncoding = 4; lastKnownFileType = sourcecode.c.h; name = LoginViewController.h; path = Controllers/LoginViewController.h; sourceTree = "<group>"; };
		BFE432511C0033FB00809F7E /* LoginViewController.m */ = {isa = PBXFileReference; fileEncoding = 4; lastKnownFileType = sourcecode.c.objc; name = LoginViewController.m; path = Controllers/LoginViewController.m; sourceTree = "<group>"; };
		BFE432521C0033FB00809F7E /* LoginViewController.xib */ = {isa = PBXFileReference; fileEncoding = 4; lastKnownFileType = file.xib; name = LoginViewController.xib; path = Controllers/LoginViewController.xib; sourceTree = "<group>"; };
		BFE432571C0039BB00809F7E /* Transaction.h */ = {isa = PBXFileReference; fileEncoding = 4; lastKnownFileType = sourcecode.c.h; name = Transaction.h; path = models/Transaction.h; sourceTree = "<group>"; };
		BFE432581C0039BB00809F7E /* Transaction.m */ = {isa = PBXFileReference; fileEncoding = 4; lastKnownFileType = sourcecode.c.objc; name = Transaction.m; path = models/Transaction.m; sourceTree = "<group>"; };
		BFE4325A1C003D4700809F7E /* Budget.h */ = {isa = PBXFileReference; fileEncoding = 4; lastKnownFileType = sourcecode.c.h; name = Budget.h; path = models/Budget.h; sourceTree = "<group>"; };
		BFE4325B1C003D4700809F7E /* Budget.m */ = {isa = PBXFileReference; fileEncoding = 4; lastKnownFileType = sourcecode.c.objc; name = Budget.m; path = models/Budget.m; sourceTree = "<group>"; };
		BFE4325D1C003DA300809F7E /* PDCategory.h */ = {isa = PBXFileReference; fileEncoding = 4; lastKnownFileType = sourcecode.c.h; name = PDCategory.h; path = models/PDCategory.h; sourceTree = "<group>"; };
		BFE4325E1C003DA300809F7E /* PDCategory.m */ = {isa = PBXFileReference; fileEncoding = 4; lastKnownFileType = sourcecode.c.objc; name = PDCategory.m; path = models/PDCategory.m; sourceTree = "<group>"; };
		BFE432601C006A6D00809F7E /* Organization.h */ = {isa = PBXFileReference; fileEncoding = 4; lastKnownFileType = sourcecode.c.h; name = Organization.h; path = models/Organization.h; sourceTree = "<group>"; };
		BFE432611C006A6D00809F7E /* Organization.m */ = {isa = PBXFileReference; fileEncoding = 4; lastKnownFileType = sourcecode.c.objc; name = Organization.m; path = models/Organization.m; sourceTree = "<group>"; };
/* End PBXFileReference section */

/* Begin PBXFrameworksBuildPhase section */
		8E9DA2BE1BF561690016ECC2 /* Frameworks */ = {
			isa = PBXFrameworksBuildPhase;
			buildActionMask = 2147483647;
			files = (
				2F566DFF78A2F30D6AEA35ED /* libPods.a in Frameworks */,
			);
			runOnlyForDeploymentPostprocessing = 0;
		};
/* End PBXFrameworksBuildPhase section */

/* Begin PBXGroup section */
		4AA1AB521C0149AA00BF3604 /* Calendar */ = {
			isa = PBXGroup;
			children = (
				4AA1AB431C01374100BF3604 /* CalendarViewController.h */,
				4AA1AB441C01374100BF3604 /* CalendarViewController.m */,
				4AA1AB451C01374100BF3604 /* CalendarViewController.xib */,
				4A44F8831C0E9572005DFB79 /* CalendarMonthViewController.h */,
				4A44F8841C0E9572005DFB79 /* CalendarMonthViewController.m */,
				4A44F8851C0E9572005DFB79 /* CalendarMonthViewController.xib */,
				4A44F88D1C0E959D005DFB79 /* CalendarDayViewController.h */,
				4A44F88E1C0E959D005DFB79 /* CalendarDayViewController.m */,
				4A44F88F1C0E959D005DFB79 /* CalendarDayViewController.xib */,
			);
			name = Calendar;
			sourceTree = "<group>";
		};
		4AF678251C025F0500DFB75E /* Helpers */ = {
			isa = PBXGroup;
			children = (
				4AF678261C025F1800DFB75E /* KeychainWrapper.h */,
				4AF678271C025F1800DFB75E /* KeychainWrapper.m */,
			);
			name = Helpers;
			sourceTree = "<group>";
		};
		808FB1134678BF5A8994412D /* Frameworks */ = {
			isa = PBXGroup;
			children = (
				57758C4476CA8CEE304D8C89 /* libPods.a */,
			);
			name = Frameworks;
			sourceTree = "<group>";
		};
		8E42F4561C02427300AE2E37 /* Views */ = {
			isa = PBXGroup;
			children = (
				8E42F45C1C0242FD00AE2E37 /* TransactionCell.h */,
				8E42F45D1C0242FD00AE2E37 /* TransactionCell.m */,
				8E42F45E1C0242FE00AE2E37 /* TransactionCell.xib */,
				BF8ADB591C04CBF500AEEBFE /* BudgetCell.h */,
				BF8ADB5A1C04CBF500AEEBFE /* BudgetCell.m */,
				BF8ADB5B1C04CBF500AEEBFE /* BudgetCell.xib */,
				4AAA3FB31C0944F9004CE620 /* DayViewTableViewCell.h */,
				4AAA3FB41C0944F9004CE620 /* DayViewTableViewCell.m */,
				4AAA3FB51C0944F9004CE620 /* DayViewTableViewCell.xib */,
				4AAA3FBA1C0B868A004CE620 /* AddButtonView.h */,
				4AAA3FBB1C0B868A004CE620 /* AddButtonView.m */,
				4AAA3FBD1C0B86AD004CE620 /* AddButtonView.xib */,
			);
			name = Views;
			sourceTree = "<group>";
		};
		8E9DA2B81BF561690016ECC2 = {
			isa = PBXGroup;
			children = (
				8E9DA2C31BF561690016ECC2 /* PerDiem */,
				8E9DA2C21BF561690016ECC2 /* Products */,
				CC6448EB566111310242B66D /* Pods */,
				808FB1134678BF5A8994412D /* Frameworks */,
			);
			sourceTree = "<group>";
		};
		8E9DA2C21BF561690016ECC2 /* Products */ = {
			isa = PBXGroup;
			children = (
				8E9DA2C11BF561690016ECC2 /* PerDiem.app */,
			);
			name = Products;
			sourceTree = "<group>";
		};
		8E9DA2C31BF561690016ECC2 /* PerDiem */ = {
			isa = PBXGroup;
			children = (
				8EC0E1491C06DED70004207B /* Categories */,
				4AF678251C025F0500DFB75E /* Helpers */,
				BFE4324F1C00338F00809F7E /* Controllers */,
				8E42F4561C02427300AE2E37 /* Views */,
				BFE4324B1C00276100809F7E /* Models */,
				8E9DA2C71BF561690016ECC2 /* AppDelegate.h */,
				8E9DA2C81BF561690016ECC2 /* AppDelegate.m */,
				8E9DA2D01BF561690016ECC2 /* Assets.xcassets */,
				8E9DA2D21BF561690016ECC2 /* LaunchScreen.storyboard */,
				8E9DA2D51BF561690016ECC2 /* Info.plist */,
				8E9DA2C41BF561690016ECC2 /* Supporting Files */,
			);
			path = PerDiem;
			sourceTree = SOURCE_ROOT;
		};
		8E9DA2C41BF561690016ECC2 /* Supporting Files */ = {
			isa = PBXGroup;
			children = (
				8E9DA2C51BF561690016ECC2 /* main.m */,
			);
			name = "Supporting Files";
			sourceTree = "<group>";
		};
		8EC0E1491C06DED70004207B /* Categories */ = {
			isa = PBXGroup;
			children = (
				8EC0E14A1C06DEEC0004207B /* UIColor+PerDiem.h */,
				8EC0E14B1C06DEEC0004207B /* UIColor+PerDiem.m */,
			);
			name = Categories;
			sourceTree = "<group>";
		};
		BF8ADB621C05711100AEEBFE /* Forms */ = {
			isa = PBXGroup;
			children = (
				BF8ADB631C05712D00AEEBFE /* BudgetFormViewController.h */,
				BF8ADB641C05712D00AEEBFE /* BudgetFormViewController.m */,
				BF6D073F1C01332D00B61276 /* TransactionFormViewController.h */,
				BF6D07401C01332D00B61276 /* TransactionFormViewController.m */,
			);
			name = Forms;
			sourceTree = "<group>";
		};
		BFE4324B1C00276100809F7E /* Models */ = {
			isa = PBXGroup;
			children = (
				BFE4324C1C0028F800809F7E /* User.h */,
				BFE4324D1C0028F800809F7E /* User.m */,
				BFE432571C0039BB00809F7E /* Transaction.h */,
				BFE432581C0039BB00809F7E /* Transaction.m */,
				BFE4325A1C003D4700809F7E /* Budget.h */,
				BFE4325B1C003D4700809F7E /* Budget.m */,
				8E6367981C029BDF0086CD54 /* PaymentType.h */,
				8E6367991C029BDF0086CD54 /* PaymentType.m */,
				BFE4325D1C003DA300809F7E /* PDCategory.h */,
				BFE4325E1C003DA300809F7E /* PDCategory.m */,
				BFE432601C006A6D00809F7E /* Organization.h */,
				BFE432611C006A6D00809F7E /* Organization.m */,
				BF6D073C1C010E5A00B61276 /* TransactionList.h */,
				BF6D073D1C010E5A00B61276 /* TransactionList.m */,
			);
			name = Models;
			sourceTree = "<group>";
		};
		BFE4324F1C00338F00809F7E /* Controllers */ = {
			isa = PBXGroup;
			children = (
				BF8ADB621C05711100AEEBFE /* Forms */,
				4AA1AB521C0149AA00BF3604 /* Calendar */,
				BFE432501C0033FB00809F7E /* LoginViewController.h */,
				BFE432511C0033FB00809F7E /* LoginViewController.m */,
				BFE432521C0033FB00809F7E /* LoginViewController.xib */,
				4AEB60DC1C010A7400679DAF /* BudgetsViewController.h */,
				4AEB60DD1C010A7400679DAF /* BudgetsViewController.m */,
				4AEB60DE1C010A7400679DAF /* BudgetsViewController.xib */,
				4AEB60E11C010AA800679DAF /* TransactionsViewController.h */,
				4AEB60E21C010AA800679DAF /* TransactionsViewController.m */,
				4AEB60E31C010AA800679DAF /* TransactionsViewController.xib */,
				4AEB60EB1C01186800679DAF /* NavigationViewController.h */,
				4AEB60EC1C01186800679DAF /* NavigationViewController.m */,
				4AEB60CD1C01086100679DAF /* TabBarController.h */,
				4AEB60CE1C01086100679DAF /* TabBarController.m */,
				4AA1AB3D1C012EDF00BF3604 /* TabBarViewController.h */,
				4AA1AB3E1C012EDF00BF3604 /* TabBarViewController.m */,
			);
			name = Controllers;
			sourceTree = "<group>";
		};
		CC6448EB566111310242B66D /* Pods */ = {
			isa = PBXGroup;
			children = (
				55F7737C83DD7B11920DD92A /* Pods.debug.xcconfig */,
				71F1C22EBB40723904EA25D0 /* Pods.release.xcconfig */,
			);
			name = Pods;
			sourceTree = "<group>";
		};
/* End PBXGroup section */

/* Begin PBXNativeTarget section */
		8E9DA2C01BF561690016ECC2 /* PerDiem */ = {
			isa = PBXNativeTarget;
			buildConfigurationList = 8E9DA2D81BF561690016ECC2 /* Build configuration list for PBXNativeTarget "PerDiem" */;
			buildPhases = (
				D812F6549CC76C0265B9E49F /* Check Pods Manifest.lock */,
				8E9DA2BD1BF561690016ECC2 /* Sources */,
				8E9DA2BE1BF561690016ECC2 /* Frameworks */,
				8E9DA2BF1BF561690016ECC2 /* Resources */,
				47999060A9B6ADB5A75727E4 /* Copy Pods Resources */,
				9D92B356F8D71809583550A9 /* Embed Pods Frameworks */,
			);
			buildRules = (
			);
			dependencies = (
			);
			name = PerDiem;
			productName = PerDiem;
			productReference = 8E9DA2C11BF561690016ECC2 /* PerDiem.app */;
			productType = "com.apple.product-type.application";
		};
/* End PBXNativeTarget section */

/* Begin PBXProject section */
		8E9DA2B91BF561690016ECC2 /* Project object */ = {
			isa = PBXProject;
			attributes = {
				LastUpgradeCheck = 0710;
				ORGANIZATIONNAME = PerDiem;
				TargetAttributes = {
					8E9DA2C01BF561690016ECC2 = {
						CreatedOnToolsVersion = 7.1;
						DevelopmentTeam = 56WVAU5YA6;
					};
				};
			};
			buildConfigurationList = 8E9DA2BC1BF561690016ECC2 /* Build configuration list for PBXProject "PerDiem" */;
			compatibilityVersion = "Xcode 3.2";
			developmentRegion = English;
			hasScannedForEncodings = 0;
			knownRegions = (
				en,
				Base,
			);
			mainGroup = 8E9DA2B81BF561690016ECC2;
			productRefGroup = 8E9DA2C21BF561690016ECC2 /* Products */;
			projectDirPath = "";
			projectRoot = "";
			targets = (
				8E9DA2C01BF561690016ECC2 /* PerDiem */,
			);
		};
/* End PBXProject section */

/* Begin PBXResourcesBuildPhase section */
		8E9DA2BF1BF561690016ECC2 /* Resources */ = {
			isa = PBXResourcesBuildPhase;
			buildActionMask = 2147483647;
			files = (
				BFE432541C0033FB00809F7E /* LoginViewController.xib in Resources */,
				4AEB60E01C010A7400679DAF /* BudgetsViewController.xib in Resources */,
				8E9DA2D41BF561690016ECC2 /* LaunchScreen.storyboard in Resources */,
				4A44F8911C0E959D005DFB79 /* CalendarDayViewController.xib in Resources */,
				4AA1AB471C01374100BF3604 /* CalendarViewController.xib in Resources */,
				8E42F4601C0242FE00AE2E37 /* TransactionCell.xib in Resources */,
				BF8ADB5D1C04CBF500AEEBFE /* BudgetCell.xib in Resources */,
				4A44F8871C0E9572005DFB79 /* CalendarMonthViewController.xib in Resources */,
				4AAA3FB71C0944F9004CE620 /* DayViewTableViewCell.xib in Resources */,
				8E9DA2D11BF561690016ECC2 /* Assets.xcassets in Resources */,
				4AEB60E51C010AA800679DAF /* TransactionsViewController.xib in Resources */,
				4AAA3FBE1C0B86AD004CE620 /* AddButtonView.xib in Resources */,
			);
			runOnlyForDeploymentPostprocessing = 0;
		};
/* End PBXResourcesBuildPhase section */

/* Begin PBXShellScriptBuildPhase section */
		47999060A9B6ADB5A75727E4 /* Copy Pods Resources */ = {
			isa = PBXShellScriptBuildPhase;
			buildActionMask = 2147483647;
			files = (
			);
			inputPaths = (
			);
			name = "Copy Pods Resources";
			outputPaths = (
			);
			runOnlyForDeploymentPostprocessing = 0;
			shellPath = /bin/sh;
			shellScript = "\"${SRCROOT}/Pods/Target Support Files/Pods/Pods-resources.sh\"\n";
			showEnvVarsInLog = 0;
		};
		9D92B356F8D71809583550A9 /* Embed Pods Frameworks */ = {
			isa = PBXShellScriptBuildPhase;
			buildActionMask = 2147483647;
			files = (
			);
			inputPaths = (
			);
			name = "Embed Pods Frameworks";
			outputPaths = (
			);
			runOnlyForDeploymentPostprocessing = 0;
			shellPath = /bin/sh;
			shellScript = "\"${SRCROOT}/Pods/Target Support Files/Pods/Pods-frameworks.sh\"\n";
			showEnvVarsInLog = 0;
		};
		D812F6549CC76C0265B9E49F /* Check Pods Manifest.lock */ = {
			isa = PBXShellScriptBuildPhase;
			buildActionMask = 2147483647;
			files = (
			);
			inputPaths = (
			);
			name = "Check Pods Manifest.lock";
			outputPaths = (
			);
			runOnlyForDeploymentPostprocessing = 0;
			shellPath = /bin/sh;
			shellScript = "diff \"${PODS_ROOT}/../Podfile.lock\" \"${PODS_ROOT}/Manifest.lock\" > /dev/null\nif [[ $? != 0 ]] ; then\n    cat << EOM\nerror: The sandbox is not in sync with the Podfile.lock. Run 'pod install' or update your CocoaPods installation.\nEOM\n    exit 1\nfi\n";
			showEnvVarsInLog = 0;
		};
/* End PBXShellScriptBuildPhase section */

/* Begin PBXSourcesBuildPhase section */
		8E9DA2BD1BF561690016ECC2 /* Sources */ = {
			isa = PBXSourcesBuildPhase;
			buildActionMask = 2147483647;
			files = (
				BF6D07411C01332D00B61276 /* TransactionFormViewController.m in Sources */,
				BF8ADB651C05712D00AEEBFE /* BudgetFormViewController.m in Sources */,
				BF8ADB5C1C04CBF500AEEBFE /* BudgetCell.m in Sources */,
				8EC0E14C1C06DEEC0004207B /* UIColor+PerDiem.m in Sources */,
				BFE432591C0039BB00809F7E /* Transaction.m in Sources */,
				BFE4324E1C0028F800809F7E /* User.m in Sources */,
				4AEB60EE1C01186800679DAF /* NavigationViewController.m in Sources */,
				BFE4325C1C003D4700809F7E /* Budget.m in Sources */,
				BFE432621C006A6D00809F7E /* Organization.m in Sources */,
				4A44F8861C0E9572005DFB79 /* CalendarMonthViewController.m in Sources */,
				BFE4325F1C003DA300809F7E /* PDCategory.m in Sources */,
				8E9DA2C91BF561690016ECC2 /* AppDelegate.m in Sources */,
				4AEB60DF1C010A7400679DAF /* BudgetsViewController.m in Sources */,
				4AAA3FB61C0944F9004CE620 /* DayViewTableViewCell.m in Sources */,
				4AEB60D01C01086100679DAF /* TabBarController.m in Sources */,
				4AA1AB3F1C012EDF00BF3604 /* TabBarViewController.m in Sources */,
				8E9DA2C61BF561690016ECC2 /* main.m in Sources */,
				4AA1AB461C01374100BF3604 /* CalendarViewController.m in Sources */,
				8E63679A1C029BDF0086CD54 /* PaymentType.m in Sources */,
				BF6D073E1C010E5A00B61276 /* TransactionList.m in Sources */,
				4A44F8901C0E959D005DFB79 /* CalendarDayViewController.m in Sources */,
				4AAA3FBC1C0B868A004CE620 /* AddButtonView.m in Sources */,
				8E42F45F1C0242FE00AE2E37 /* TransactionCell.m in Sources */,
				BFE432531C0033FB00809F7E /* LoginViewController.m in Sources */,
				4AEB60E41C010AA800679DAF /* TransactionsViewController.m in Sources */,
				4AF678281C025F1800DFB75E /* KeychainWrapper.m in Sources */,
			);
			runOnlyForDeploymentPostprocessing = 0;
		};
/* End PBXSourcesBuildPhase section */

/* Begin PBXVariantGroup section */
		8E9DA2D21BF561690016ECC2 /* LaunchScreen.storyboard */ = {
			isa = PBXVariantGroup;
			children = (
				8E9DA2D31BF561690016ECC2 /* Base */,
			);
			name = LaunchScreen.storyboard;
			sourceTree = "<group>";
		};
/* End PBXVariantGroup section */

/* Begin XCBuildConfiguration section */
		8E9DA2D61BF561690016ECC2 /* Debug */ = {
			isa = XCBuildConfiguration;
			buildSettings = {
				ALWAYS_SEARCH_USER_PATHS = NO;
				CLANG_CXX_LANGUAGE_STANDARD = "gnu++0x";
				CLANG_CXX_LIBRARY = "libc++";
				CLANG_ENABLE_MODULES = YES;
				CLANG_ENABLE_OBJC_ARC = YES;
				CLANG_WARN_BOOL_CONVERSION = YES;
				CLANG_WARN_CONSTANT_CONVERSION = YES;
				CLANG_WARN_DIRECT_OBJC_ISA_USAGE = YES_ERROR;
				CLANG_WARN_EMPTY_BODY = YES;
				CLANG_WARN_ENUM_CONVERSION = YES;
				CLANG_WARN_INT_CONVERSION = YES;
				CLANG_WARN_OBJC_ROOT_CLASS = YES_ERROR;
				CLANG_WARN_UNREACHABLE_CODE = YES;
				CLANG_WARN__DUPLICATE_METHOD_MATCH = YES;
				"CODE_SIGN_IDENTITY[sdk=iphoneos*]" = "iPhone Developer";
				COPY_PHASE_STRIP = NO;
				DEBUG_INFORMATION_FORMAT = dwarf;
				ENABLE_STRICT_OBJC_MSGSEND = YES;
				ENABLE_TESTABILITY = YES;
				GCC_C_LANGUAGE_STANDARD = gnu99;
				GCC_DYNAMIC_NO_PIC = NO;
				GCC_NO_COMMON_BLOCKS = YES;
				GCC_OPTIMIZATION_LEVEL = 0;
				GCC_PREPROCESSOR_DEFINITIONS = (
					"DEBUG=1",
					"$(inherited)",
				);
				GCC_WARN_64_TO_32_BIT_CONVERSION = YES;
				GCC_WARN_ABOUT_RETURN_TYPE = YES_ERROR;
				GCC_WARN_UNDECLARED_SELECTOR = YES;
				GCC_WARN_UNINITIALIZED_AUTOS = YES_AGGRESSIVE;
				GCC_WARN_UNUSED_FUNCTION = YES;
				GCC_WARN_UNUSED_VARIABLE = YES;
				IPHONEOS_DEPLOYMENT_TARGET = 9.1;
				MTL_ENABLE_DEBUG_INFO = YES;
				ONLY_ACTIVE_ARCH = YES;
				SDKROOT = iphoneos;
				TARGETED_DEVICE_FAMILY = "1,2";
			};
			name = Debug;
		};
		8E9DA2D71BF561690016ECC2 /* Release */ = {
			isa = XCBuildConfiguration;
			buildSettings = {
				ALWAYS_SEARCH_USER_PATHS = NO;
				CLANG_CXX_LANGUAGE_STANDARD = "gnu++0x";
				CLANG_CXX_LIBRARY = "libc++";
				CLANG_ENABLE_MODULES = YES;
				CLANG_ENABLE_OBJC_ARC = YES;
				CLANG_WARN_BOOL_CONVERSION = YES;
				CLANG_WARN_CONSTANT_CONVERSION = YES;
				CLANG_WARN_DIRECT_OBJC_ISA_USAGE = YES_ERROR;
				CLANG_WARN_EMPTY_BODY = YES;
				CLANG_WARN_ENUM_CONVERSION = YES;
				CLANG_WARN_INT_CONVERSION = YES;
				CLANG_WARN_OBJC_ROOT_CLASS = YES_ERROR;
				CLANG_WARN_UNREACHABLE_CODE = YES;
				CLANG_WARN__DUPLICATE_METHOD_MATCH = YES;
				"CODE_SIGN_IDENTITY[sdk=iphoneos*]" = "iPhone Developer";
				COPY_PHASE_STRIP = NO;
				DEBUG_INFORMATION_FORMAT = "dwarf-with-dsym";
				ENABLE_NS_ASSERTIONS = NO;
				ENABLE_STRICT_OBJC_MSGSEND = YES;
				GCC_C_LANGUAGE_STANDARD = gnu99;
				GCC_NO_COMMON_BLOCKS = YES;
				GCC_WARN_64_TO_32_BIT_CONVERSION = YES;
				GCC_WARN_ABOUT_RETURN_TYPE = YES_ERROR;
				GCC_WARN_UNDECLARED_SELECTOR = YES;
				GCC_WARN_UNINITIALIZED_AUTOS = YES_AGGRESSIVE;
				GCC_WARN_UNUSED_FUNCTION = YES;
				GCC_WARN_UNUSED_VARIABLE = YES;
				IPHONEOS_DEPLOYMENT_TARGET = 9.1;
				MTL_ENABLE_DEBUG_INFO = NO;
				SDKROOT = iphoneos;
				TARGETED_DEVICE_FAMILY = "1,2";
				VALIDATE_PRODUCT = YES;
			};
			name = Release;
		};
		8E9DA2D91BF561690016ECC2 /* Debug */ = {
			isa = XCBuildConfiguration;
			baseConfigurationReference = 55F7737C83DD7B11920DD92A /* Pods.debug.xcconfig */;
			buildSettings = {
				ASSETCATALOG_COMPILER_APPICON_NAME = AppIcon;
				CODE_SIGN_IDENTITY = "iPhone Developer";
				"CODE_SIGN_IDENTITY[sdk=iphoneos*]" = "iPhone Developer";
				INFOPLIST_FILE = PerDiem/Info.plist;
				LD_RUNPATH_SEARCH_PATHS = "$(inherited) @executable_path/Frameworks";
				PRODUCT_BUNDLE_IDENTIFIER = "com.perdiem.Per-Diem";
				PRODUCT_NAME = PerDiem;
				PROVISIONING_PROFILE = "";
			};
			name = Debug;
		};
		8E9DA2DA1BF561690016ECC2 /* Release */ = {
			isa = XCBuildConfiguration;
			baseConfigurationReference = 71F1C22EBB40723904EA25D0 /* Pods.release.xcconfig */;
			buildSettings = {
				ASSETCATALOG_COMPILER_APPICON_NAME = AppIcon;
				CODE_SIGN_IDENTITY = "iPhone Developer";
				"CODE_SIGN_IDENTITY[sdk=iphoneos*]" = "iPhone Developer";
				INFOPLIST_FILE = PerDiem/Info.plist;
				LD_RUNPATH_SEARCH_PATHS = "$(inherited) @executable_path/Frameworks";
				PRODUCT_BUNDLE_IDENTIFIER = "com.perdiem.Per-Diem";
				PRODUCT_NAME = PerDiem;
				PROVISIONING_PROFILE = "";
			};
			name = Release;
		};
/* End XCBuildConfiguration section */

/* Begin XCConfigurationList section */
		8E9DA2BC1BF561690016ECC2 /* Build configuration list for PBXProject "PerDiem" */ = {
			isa = XCConfigurationList;
			buildConfigurations = (
				8E9DA2D61BF561690016ECC2 /* Debug */,
				8E9DA2D71BF561690016ECC2 /* Release */,
			);
			defaultConfigurationIsVisible = 0;
			defaultConfigurationName = Release;
		};
		8E9DA2D81BF561690016ECC2 /* Build configuration list for PBXNativeTarget "PerDiem" */ = {
			isa = XCConfigurationList;
			buildConfigurations = (
				8E9DA2D91BF561690016ECC2 /* Debug */,
				8E9DA2DA1BF561690016ECC2 /* Release */,
			);
			defaultConfigurationIsVisible = 0;
			defaultConfigurationName = Release;
		};
/* End XCConfigurationList section */
	};
	rootObject = 8E9DA2B91BF561690016ECC2 /* Project object */;
}
